
Microsoft Visual Studio Solution File, Format Version 12.00
# Visual Studio 14
VisualStudioVersion = 14.0.25420.1
MinimumVisualStudioVersion = 10.0.40219.1
Project("{FAE04EC0-301F-11D3-BF4B-00C04F79EFBC}") = "FileSharingAppClient", "FileSharingAppClient\FileSharingAppClient.csproj", "{7A70AACA-B9EA-4877-B1D1-2D495D1F4846}"
EndProject
Project("{FAE04EC0-301F-11D3-BF4B-00C04F79EFBC}") = "FileSharingAppServer", "FileSharingAppServer\FileSharingAppServer.csproj", "{3BEE6C6F-010E-4D83-B1DC-5EE8F9EE9692}"
EndProject
Project("{2150E333-8FDC-42A3-9474-1A3956D46DE8}") = "Solution Items", "Solution Items", "{4911C5A8-C65B-4651-A0C6-B32E0BCFBDAB}"
	ProjectSection(SolutionItems) = preProject
		Basemenu.cs = Basemenu.cs
	EndProjectSection
EndProject
Project("{FAE04EC0-301F-11D3-BF4B-00C04F79EFBC}") = "WindowsFormsApplication1", "WindowsFormsApplication1\WindowsFormsApplication1.csproj", "{67668FBD-D501-4DFD-92B3-5749AEB80BD7}"
EndProject
Global
	GlobalSection(SolutionConfigurationPlatforms) = preSolution
		Debug|Any CPU = Debug|Any CPU
		Debug|x86 = Debug|x86
		Release|Any CPU = Release|Any CPU
		Release|x86 = Release|x86
	EndGlobalSection
	GlobalSection(ProjectConfigurationPlatforms) = postSolution
		{7A70AACA-B9EA-4877-B1D1-2D495D1F4846}.Debug|Any CPU.ActiveCfg = Debug|x86
		{7A70AACA-B9EA-4877-B1D1-2D495D1F4846}.Debug|x86.ActiveCfg = Debug|x86
		{7A70AACA-B9EA-4877-B1D1-2D495D1F4846}.Debug|x86.Build.0 = Debug|x86
		{7A70AACA-B9EA-4877-B1D1-2D495D1F4846}.Release|Any CPU.ActiveCfg = Release|x86
		{7A70AACA-B9EA-4877-B1D1-2D495D1F4846}.Release|x86.ActiveCfg = Release|x86
		{7A70AACA-B9EA-4877-B1D1-2D495D1F4846}.Release|x86.Build.0 = Release|x86
		{3BEE6C6F-010E-4D83-B1DC-5EE8F9EE9692}.Debug|Any CPU.ActiveCfg = Debug|x86
		{3BEE6C6F-010E-4D83-B1DC-5EE8F9EE9692}.Debug|x86.ActiveCfg = Debug|x86
		{3BEE6C6F-010E-4D83-B1DC-5EE8F9EE9692}.Debug|x86.Build.0 = Debug|x86
		{3BEE6C6F-010E-4D83-B1DC-5EE8F9EE9692}.Release|Any CPU.ActiveCfg = Release|x86
		{3BEE6C6F-010E-4D83-B1DC-5EE8F9EE9692}.Release|x86.ActiveCfg = Release|x86
		{3BEE6C6F-010E-4D83-B1DC-5EE8F9EE9692}.Release|x86.Build.0 = Release|x86
		{67668FBD-D501-4DFD-92B3-5749AEB80BD7}.Debug|Any CPU.ActiveCfg = Debug|Any CPU
		{67668FBD-D501-4DFD-92B3-5749AEB80BD7}.Debug|Any CPU.Build.0 = Debug|Any CPU
		{67668FBD-D501-4DFD-92B3-5749AEB80BD7}.Debug|x86.ActiveCfg = Debug|Any CPU
		{67668FBD-D501-4DFD-92B3-5749AEB80BD7}.Debug|x86.Build.0 = Debug|Any CPU
		{67668FBD-D501-4DFD-92B3-5749AEB80BD7}.Release|Any CPU.ActiveCfg = Release|Any CPU
		{67668FBD-D501-4DFD-92B3-5749AEB80BD7}.Release|Any CPU.Build.0 = Release|Any CPU
		{67668FBD-D501-4DFD-92B3-5749AEB80BD7}.Release|x86.ActiveCfg = Release|Any CPU
		{67668FBD-D501-4DFD-92B3-5749AEB80BD7}.Release|x86.Build.0 = Release|Any CPU
	EndGlobalSection
	GlobalSection(SolutionProperties) = preSolution
		HideSolutionNode = FALSE
	EndGlobalSection
EndGlobal
